
Microsoft Visual Studio Solution File, Format Version 12.00
# Visual Studio 15
VisualStudioVersion = 15.0.28307.168
MinimumVisualStudioVersion = 10.0.40219.1
Project("{FAE04EC0-301F-11D3-BF4B-00C04F79EFBC}") = "Zoo", "Zoo\Zoo.csproj", "{97752D72-647D-4CBE-B8F9-AEEB2B2109B7}"
EndProject
Project("{FAE04EC0-301F-11D3-BF4B-00C04F79EFBC}") = "ZooTests", "ZooTests\ZooTests.csproj", "{C2BAE8AC-A986-411C-8B84-7617134CBEEE}"
EndProject
Global
	GlobalSection(SolutionConfigurationPlatforms) = preSolution
		Debug|Any CPU = Debug|Any CPU
		Release|Any CPU = Release|Any CPU
	EndGlobalSection
	GlobalSection(ProjectConfigurationPlatforms) = postSolution
		{97752D72-647D-4CBE-B8F9-AEEB2B2109B7}.Debug|Any CPU.ActiveCfg = Debug|Any CPU
		{97752D72-647D-4CBE-B8F9-AEEB2B2109B7}.Debug|Any CPU.Build.0 = Debug|Any CPU
		{97752D72-647D-4CBE-B8F9-AEEB2B2109B7}.Release|Any CPU.ActiveCfg = Release|Any CPU
		{97752D72-647D-4CBE-B8F9-AEEB2B2109B7}.Release|Any CPU.Build.0 = Release|Any CPU
		{C2BAE8AC-A986-411C-8B84-7617134CBEEE}.Debug|Any CPU.ActiveCfg = Debug|Any CPU
		{C2BAE8AC-A986-411C-8B84-7617134CBEEE}.Debug|Any CPU.Build.0 = Debug|Any CPU
		{C2BAE8AC-A986-411C-8B84-7617134CBEEE}.Release|Any CPU.ActiveCfg = Release|Any CPU
		{C2BAE8AC-A986-411C-8B84-7617134CBEEE}.Release|Any CPU.Build.0 = Release|Any CPU
	EndGlobalSection
	GlobalSection(SolutionProperties) = preSolution
		HideSolutionNode = FALSE
	EndGlobalSection
	GlobalSection(ExtensibilityGlobals) = postSolution
		SolutionGuid = {CFE3E96C-8748-4A30-9E59-49AAC1BC078D}
	EndGlobalSection
EndGlobal
